{
  "name": "chat-template-compat",
  "version": "1.0.0",
  "lockfileVersion": 3,
  "requires": true,
  "packages": {
    "": {
      "name": "chat-template-compat",
      "version": "1.0.0",
      "license": "ISC",
      "dependencies": {
        "@huggingface/gguf": "^0.1.12"
      }
    },
    "node_modules/@huggingface/gguf": {
      "version": "0.1.12",
      "resolved": "https://registry.npmjs.org/@huggingface/gguf/-/gguf-0.1.12.tgz",
      "integrity": "sha512-m+u/ms28wE74v2VVCTncfI/KB2v897MRMOoRuYSU62P85fJ6/B2exMlHCNyAXkgDLeXBWDivXl4gPq+XbHmkaA==",
      "license": "MIT",
      "engines": {
        "node": ">=20"
      }
    }
  }
}
